
Microsoft Visual Studio Solution File, Format Version 12.00
# Visual Studio 14
VisualStudioVersion = 14.0.25123.0
MinimumVisualStudioVersion = 10.0.40219.1
Project("{2150E333-8FDC-42A3-9474-1A3956D46DE8}") = ".paket", ".paket", "{0BDC8688-889C-4154-871A-AB5C3286AED6}"
	ProjectSection(SolutionItems) = preProject
		paket.dependencies = paket.dependencies
	EndProjectSection
EndProject
Project("{2150E333-8FDC-42A3-9474-1A3956D46DE8}") = "Solution Items", "Solution Items", "{5C48E692-ACF7-4568-9C3C-3B0F05D8F586}"
	ProjectSection(SolutionItems) = preProject
		build.fsx = build.fsx
		build.ps1 = build.ps1
		paket.dependencies = paket.dependencies
		readme.md = readme.md
	EndProjectSection
EndProject
Project("{F2A71F9B-5D33-465A-A702-920D77279786}") = "Cursed", "Cursed\Cursed.fsproj", "{7618BBE1-DBD4-4059-8346-E70D71C1B6DD}"
EndProject
Project("{F2A71F9B-5D33-465A-A702-920D77279786}") = "Cursed.Base", "Cursed.Base\Cursed.Base.fsproj", "{A445A574-586A-426A-B531-B0A03870A544}"
EndProject
Global
	GlobalSection(SolutionConfigurationPlatforms) = preSolution
		Debug|Any CPU = Debug|Any CPU
		Release|Any CPU = Release|Any CPU
	EndGlobalSection
	GlobalSection(ProjectConfigurationPlatforms) = postSolution
		{7618BBE1-DBD4-4059-8346-E70D71C1B6DD}.Debug|Any CPU.ActiveCfg = Debug|Any CPU
		{7618BBE1-DBD4-4059-8346-E70D71C1B6DD}.Debug|Any CPU.Build.0 = Debug|Any CPU
		{7618BBE1-DBD4-4059-8346-E70D71C1B6DD}.Release|Any CPU.ActiveCfg = Release|Any CPU
		{7618BBE1-DBD4-4059-8346-E70D71C1B6DD}.Release|Any CPU.Build.0 = Release|Any CPU
		{A445A574-586A-426A-B531-B0A03870A544}.Debug|Any CPU.ActiveCfg = Debug|Any CPU
		{A445A574-586A-426A-B531-B0A03870A544}.Debug|Any CPU.Build.0 = Debug|Any CPU
		{A445A574-586A-426A-B531-B0A03870A544}.Release|Any CPU.ActiveCfg = Release|Any CPU
		{A445A574-586A-426A-B531-B0A03870A544}.Release|Any CPU.Build.0 = Release|Any CPU
	EndGlobalSection
	GlobalSection(SolutionProperties) = preSolution
		HideSolutionNode = FALSE
	EndGlobalSection
EndGlobal
